// !$*UTF8*$!
{
	archiveVersion = 1;
	classes = {
	};
	objectVersion = 51;
	objects = {

/* Begin PBXBuildFile section */
		33DB5FF9802B384BC223ED72 /* Pods_InstagramAppSample.framework in Frameworks */ = {isa = PBXBuildFile; fileRef = E98B511E8D5D02610CFE5E21 /* Pods_InstagramAppSample.framework */; };
		4B6F2CE825CC7AF4001A0549 /* AppDelegate.swift in Sources */ = {isa = PBXBuildFile; fileRef = 4B6F2CE725CC7AF4001A0549 /* AppDelegate.swift */; };
		4B6F2CEA25CC7AF4001A0549 /* SceneDelegate.swift in Sources */ = {isa = PBXBuildFile; fileRef = 4B6F2CE925CC7AF4001A0549 /* SceneDelegate.swift */; };
		4B6F2CEC25CC7AF4001A0549 /* HomeViewController.swift in Sources */ = {isa = PBXBuildFile; fileRef = 4B6F2CEB25CC7AF4001A0549 /* HomeViewController.swift */; };
		4B6F2CEF25CC7AF4001A0549 /* Main.storyboard in Resources */ = {isa = PBXBuildFile; fileRef = 4B6F2CED25CC7AF4001A0549 /* Main.storyboard */; };
		4B6F2CF125CC7AF6001A0549 /* Assets.xcassets in Resources */ = {isa = PBXBuildFile; fileRef = 4B6F2CF025CC7AF6001A0549 /* Assets.xcassets */; };
		4B6F2CF425CC7AF6001A0549 /* LaunchScreen.storyboard in Resources */ = {isa = PBXBuildFile; fileRef = 4B6F2CF225CC7AF6001A0549 /* LaunchScreen.storyboard */; };
		4B6F2D0525CD4112001A0549 /* ExploreViewController.swift in Sources */ = {isa = PBXBuildFile; fileRef = 4B6F2D0425CD4112001A0549 /* ExploreViewController.swift */; };
		4B6F2D0925CD4138001A0549 /* CameraViewController.swift in Sources */ = {isa = PBXBuildFile; fileRef = 4B6F2D0825CD4138001A0549 /* CameraViewController.swift */; };
		4B6F2D0C25CD4152001A0549 /* NotificationsViewController.swift in Sources */ = {isa = PBXBuildFile; fileRef = 4B6F2D0B25CD4152001A0549 /* NotificationsViewController.swift */; };
		4B6F2D0F25CD4168001A0549 /* ProfileViewController.swift in Sources */ = {isa = PBXBuildFile; fileRef = 4B6F2D0E25CD4168001A0549 /* ProfileViewController.swift */; };
		4B6F2D1425CD41C9001A0549 /* LoginViewController.swift in Sources */ = {isa = PBXBuildFile; fileRef = 4B6F2D1325CD41C9001A0549 /* LoginViewController.swift */; };
		4B6F2D1825CD41EF001A0549 /* PostViewController.swift in Sources */ = {isa = PBXBuildFile; fileRef = 4B6F2D1725CD41EF001A0549 /* PostViewController.swift */; };
		4B6F2D1B25CD4224001A0549 /* EditProfileViewController.swift in Sources */ = {isa = PBXBuildFile; fileRef = 4B6F2D1A25CD4224001A0549 /* EditProfileViewController.swift */; };
		4B6F2D1E25CD4242001A0549 /* SettingsViewController.swift in Sources */ = {isa = PBXBuildFile; fileRef = 4B6F2D1D25CD4242001A0549 /* SettingsViewController.swift */; };
		4B6F2D2225CD4267001A0549 /* ListViewController.swift in Sources */ = {isa = PBXBuildFile; fileRef = 4B6F2D2125CD4267001A0549 /* ListViewController.swift */; };
		4B6F2D2525CD4286001A0549 /* SearchViewController.swift in Sources */ = {isa = PBXBuildFile; fileRef = 4B6F2D2425CD4286001A0549 /* SearchViewController.swift */; };
		4B6F2D2825CD42A2001A0549 /* SearchResultViewController.swift in Sources */ = {isa = PBXBuildFile; fileRef = 4B6F2D2725CD42A2001A0549 /* SearchResultViewController.swift */; };
		4B6F2D2B25CD42DC001A0549 /* PostEditorViewController.swift in Sources */ = {isa = PBXBuildFile; fileRef = 4B6F2D2A25CD42DC001A0549 /* PostEditorViewController.swift */; };
		4B6F2D2E25CD4300001A0549 /* PublishPostViewController.swift in Sources */ = {isa = PBXBuildFile; fileRef = 4B6F2D2D25CD4300001A0549 /* PublishPostViewController.swift */; };
		4B85A2F325CD4C59000EA227 /* GoogleService-Info.plist in Resources */ = {isa = PBXBuildFile; fileRef = 4B85A2F225CD4C59000EA227 /* GoogleService-Info.plist */; };
		4B85A2F625CD4D6B000EA227 /* RegistrationViewController.swift in Sources */ = {isa = PBXBuildFile; fileRef = 4B85A2F525CD4D6B000EA227 /* RegistrationViewController.swift */; };
		4B85A32225CD558E000EA227 /* DatabaseManager.swift in Sources */ = {isa = PBXBuildFile; fileRef = 4B85A32125CD558E000EA227 /* DatabaseManager.swift */; };
		4B85A32525CD7FE2000EA227 /* AuthManager.swift in Sources */ = {isa = PBXBuildFile; fileRef = 4B85A32425CD7FE2000EA227 /* AuthManager.swift */; };
		4B85A32825CD811C000EA227 /* StorageManager.swift in Sources */ = {isa = PBXBuildFile; fileRef = 4B85A32725CD811C000EA227 /* StorageManager.swift */; };
		4B85A36A25CD8EBD000EA227 /* UIView+Utils.swift in Sources */ = {isa = PBXBuildFile; fileRef = 4B85A36925CD8EBD000EA227 /* UIView+Utils.swift */; };
		4B85A36E25CD91E6000EA227 /* TextConstants.swift in Sources */ = {isa = PBXBuildFile; fileRef = 4B85A36D25CD91E6000EA227 /* TextConstants.swift */; };
		4B85A49025D1B802000EA227 /* String+Utils.swift in Sources */ = {isa = PBXBuildFile; fileRef = 4B85A48F25D1B802000EA227 /* String+Utils.swift */; };
		4B85A4AA25D41FB9000EA227 /* NSObject+Utils.swift in Sources */ = {isa = PBXBuildFile; fileRef = 4B85A4A925D41FB9000EA227 /* NSObject+Utils.swift */; };
		4B85A4AD25D42076000EA227 /* SettingCellModel.swift in Sources */ = {isa = PBXBuildFile; fileRef = 4B85A4AC25D42076000EA227 /* SettingCellModel.swift */; };
/* End PBXBuildFile section */

/* Begin PBXFileReference section */
		4B6F2CE425CC7AF4001A0549 /* InstagramAppSample.app */ = {isa = PBXFileReference; explicitFileType = wrapper.application; includeInIndex = 0; path = InstagramAppSample.app; sourceTree = BUILT_PRODUCTS_DIR; };
		4B6F2CE725CC7AF4001A0549 /* AppDelegate.swift */ = {isa = PBXFileReference; lastKnownFileType = sourcecode.swift; path = AppDelegate.swift; sourceTree = "<group>"; };
		4B6F2CE925CC7AF4001A0549 /* SceneDelegate.swift */ = {isa = PBXFileReference; lastKnownFileType = sourcecode.swift; path = SceneDelegate.swift; sourceTree = "<group>"; };
		4B6F2CEB25CC7AF4001A0549 /* HomeViewController.swift */ = {isa = PBXFileReference; lastKnownFileType = sourcecode.swift; path = HomeViewController.swift; sourceTree = "<group>"; };
		4B6F2CEE25CC7AF4001A0549 /* Base */ = {isa = PBXFileReference; lastKnownFileType = file.storyboard; name = Base; path = Base.lproj/Main.storyboard; sourceTree = "<group>"; };
		4B6F2CF025CC7AF6001A0549 /* Assets.xcassets */ = {isa = PBXFileReference; lastKnownFileType = folder.assetcatalog; path = Assets.xcassets; sourceTree = "<group>"; };
		4B6F2CF325CC7AF6001A0549 /* Base */ = {isa = PBXFileReference; lastKnownFileType = file.storyboard; name = Base; path = Base.lproj/LaunchScreen.storyboard; sourceTree = "<group>"; };
		4B6F2CF525CC7AF6001A0549 /* Info.plist */ = {isa = PBXFileReference; lastKnownFileType = text.plist.xml; path = Info.plist; sourceTree = "<group>"; };
		4B6F2D0425CD4112001A0549 /* ExploreViewController.swift */ = {isa = PBXFileReference; lastKnownFileType = sourcecode.swift; path = ExploreViewController.swift; sourceTree = "<group>"; };
		4B6F2D0825CD4138001A0549 /* CameraViewController.swift */ = {isa = PBXFileReference; lastKnownFileType = sourcecode.swift; path = CameraViewController.swift; sourceTree = "<group>"; };
		4B6F2D0B25CD4152001A0549 /* NotificationsViewController.swift */ = {isa = PBXFileReference; lastKnownFileType = sourcecode.swift; path = NotificationsViewController.swift; sourceTree = "<group>"; };
		4B6F2D0E25CD4168001A0549 /* ProfileViewController.swift */ = {isa = PBXFileReference; lastKnownFileType = sourcecode.swift; path = ProfileViewController.swift; sourceTree = "<group>"; };
		4B6F2D1325CD41C9001A0549 /* LoginViewController.swift */ = {isa = PBXFileReference; lastKnownFileType = sourcecode.swift; path = LoginViewController.swift; sourceTree = "<group>"; };
		4B6F2D1725CD41EF001A0549 /* PostViewController.swift */ = {isa = PBXFileReference; lastKnownFileType = sourcecode.swift; path = PostViewController.swift; sourceTree = "<group>"; };
		4B6F2D1A25CD4224001A0549 /* EditProfileViewController.swift */ = {isa = PBXFileReference; lastKnownFileType = sourcecode.swift; path = EditProfileViewController.swift; sourceTree = "<group>"; };
		4B6F2D1D25CD4242001A0549 /* SettingsViewController.swift */ = {isa = PBXFileReference; lastKnownFileType = sourcecode.swift; path = SettingsViewController.swift; sourceTree = "<group>"; };
		4B6F2D2125CD4267001A0549 /* ListViewController.swift */ = {isa = PBXFileReference; lastKnownFileType = sourcecode.swift; path = ListViewController.swift; sourceTree = "<group>"; };
		4B6F2D2425CD4286001A0549 /* SearchViewController.swift */ = {isa = PBXFileReference; lastKnownFileType = sourcecode.swift; path = SearchViewController.swift; sourceTree = "<group>"; };
		4B6F2D2725CD42A2001A0549 /* SearchResultViewController.swift */ = {isa = PBXFileReference; lastKnownFileType = sourcecode.swift; path = SearchResultViewController.swift; sourceTree = "<group>"; };
		4B6F2D2A25CD42DC001A0549 /* PostEditorViewController.swift */ = {isa = PBXFileReference; lastKnownFileType = sourcecode.swift; path = PostEditorViewController.swift; sourceTree = "<group>"; };
		4B6F2D2D25CD4300001A0549 /* PublishPostViewController.swift */ = {isa = PBXFileReference; lastKnownFileType = sourcecode.swift; path = PublishPostViewController.swift; sourceTree = "<group>"; };
		4B85A2F225CD4C59000EA227 /* GoogleService-Info.plist */ = {isa = PBXFileReference; fileEncoding = 4; lastKnownFileType = text.plist.xml; path = "GoogleService-Info.plist"; sourceTree = "<group>"; };
		4B85A2F525CD4D6B000EA227 /* RegistrationViewController.swift */ = {isa = PBXFileReference; lastKnownFileType = sourcecode.swift; path = RegistrationViewController.swift; sourceTree = "<group>"; };
		4B85A32125CD558E000EA227 /* DatabaseManager.swift */ = {isa = PBXFileReference; lastKnownFileType = sourcecode.swift; path = DatabaseManager.swift; sourceTree = "<group>"; };
		4B85A32425CD7FE2000EA227 /* AuthManager.swift */ = {isa = PBXFileReference; lastKnownFileType = sourcecode.swift; path = AuthManager.swift; sourceTree = "<group>"; };
		4B85A32725CD811C000EA227 /* StorageManager.swift */ = {isa = PBXFileReference; lastKnownFileType = sourcecode.swift; path = StorageManager.swift; sourceTree = "<group>"; };
		4B85A36925CD8EBD000EA227 /* UIView+Utils.swift */ = {isa = PBXFileReference; lastKnownFileType = sourcecode.swift; path = "UIView+Utils.swift"; sourceTree = "<group>"; };
		4B85A36D25CD91E6000EA227 /* TextConstants.swift */ = {isa = PBXFileReference; lastKnownFileType = sourcecode.swift; path = TextConstants.swift; sourceTree = "<group>"; };
		4B85A48F25D1B802000EA227 /* String+Utils.swift */ = {isa = PBXFileReference; lastKnownFileType = sourcecode.swift; path = "String+Utils.swift"; sourceTree = "<group>"; };
		4B85A4A925D41FB9000EA227 /* NSObject+Utils.swift */ = {isa = PBXFileReference; lastKnownFileType = sourcecode.swift; path = "NSObject+Utils.swift"; sourceTree = "<group>"; };
		4B85A4AC25D42076000EA227 /* SettingCellModel.swift */ = {isa = PBXFileReference; lastKnownFileType = sourcecode.swift; path = SettingCellModel.swift; sourceTree = "<group>"; };
		625A55F886BABD9345349AF9 /* Pods-InstagramAppSample.debug.xcconfig */ = {isa = PBXFileReference; includeInIndex = 1; lastKnownFileType = text.xcconfig; name = "Pods-InstagramAppSample.debug.xcconfig"; path = "Target Support Files/Pods-InstagramAppSample/Pods-InstagramAppSample.debug.xcconfig"; sourceTree = "<group>"; };
		DFC5BE5706A626E92D89BFA9 /* Pods-InstagramAppSample.release.xcconfig */ = {isa = PBXFileReference; includeInIndex = 1; lastKnownFileType = text.xcconfig; name = "Pods-InstagramAppSample.release.xcconfig"; path = "Target Support Files/Pods-InstagramAppSample/Pods-InstagramAppSample.release.xcconfig"; sourceTree = "<group>"; };
		E98B511E8D5D02610CFE5E21 /* Pods_InstagramAppSample.framework */ = {isa = PBXFileReference; explicitFileType = wrapper.framework; includeInIndex = 0; path = Pods_InstagramAppSample.framework; sourceTree = BUILT_PRODUCTS_DIR; };
/* End PBXFileReference section */

/* Begin PBXFrameworksBuildPhase section */
		4B6F2CE125CC7AF4001A0549 /* Frameworks */ = {
			isa = PBXFrameworksBuildPhase;
			buildActionMask = 2147483647;
			files = (
				33DB5FF9802B384BC223ED72 /* Pods_InstagramAppSample.framework in Frameworks */,
			);
			runOnlyForDeploymentPostprocessing = 0;
		};
/* End PBXFrameworksBuildPhase section */

/* Begin PBXGroup section */
		4B6F2CDB25CC7AF4001A0549 = {
			isa = PBXGroup;
			children = (
				4B6F2CE625CC7AF4001A0549 /* InstagramAppSample */,
				4B6F2CE525CC7AF4001A0549 /* Products */,
				E42C6D0C08D32D4ECF3EA1FD /* Pods */,
				CF1ED30A14F597EED663BA7E /* Frameworks */,
			);
			sourceTree = "<group>";
		};
		4B6F2CE525CC7AF4001A0549 /* Products */ = {
			isa = PBXGroup;
			children = (
				4B6F2CE425CC7AF4001A0549 /* InstagramAppSample.app */,
			);
			name = Products;
			sourceTree = "<group>";
		};
		4B6F2CE625CC7AF4001A0549 /* InstagramAppSample */ = {
			isa = PBXGroup;
			children = (
				4B6F2CFC25CD403E001A0549 /* Resources */,
				4B6F2D0025CD4091001A0549 /* Models */,
				4B6F2CFD25CD404D001A0549 /* ViewControllers */,
				4B6F2CFF25CD408B001A0549 /* Views */,
				4B85A36825CD8EAA000EA227 /* Extensions */,
				4B6F2CF525CC7AF6001A0549 /* Info.plist */,
			);
			path = InstagramAppSample;
			sourceTree = "<group>";
		};
		4B6F2CFC25CD403E001A0549 /* Resources */ = {
			isa = PBXGroup;
			children = (
				4B6F2CE725CC7AF4001A0549 /* AppDelegate.swift */,
				4B6F2CE925CC7AF4001A0549 /* SceneDelegate.swift */,
				4B85A2F225CD4C59000EA227 /* GoogleService-Info.plist */,
				4B85A33E25CD82FD000EA227 /* Managers */,
				4B85A36D25CD91E6000EA227 /* TextConstants.swift */,
			);
			path = Resources;
			sourceTree = "<group>";
		};
		4B6F2CFD25CD404D001A0549 /* ViewControllers */ = {
			isa = PBXGroup;
			children = (
				4B6F2D0325CD40D3001A0549 /* Core Tabs */,
			);
			path = ViewControllers;
			sourceTree = "<group>";
		};
		4B6F2CFF25CD408B001A0549 /* Views */ = {
			isa = PBXGroup;
			children = (
				4B6F2CF025CC7AF6001A0549 /* Assets.xcassets */,
				4B6F2D0125CD40A0001A0549 /* StoryBoards */,
			);
			path = Views;
			sourceTree = "<group>";
		};
		4B6F2D0025CD4091001A0549 /* Models */ = {
			isa = PBXGroup;
			children = (
				4B85A4AC25D42076000EA227 /* SettingCellModel.swift */,
			);
			path = Models;
			sourceTree = "<group>";
		};
		4B6F2D0125CD40A0001A0549 /* StoryBoards */ = {
			isa = PBXGroup;
			children = (
				4B6F2CED25CC7AF4001A0549 /* Main.storyboard */,
				4B6F2CF225CC7AF6001A0549 /* LaunchScreen.storyboard */,
			);
			path = StoryBoards;
			sourceTree = "<group>";
		};
		4B6F2D0325CD40D3001A0549 /* Core Tabs */ = {
			isa = PBXGroup;
			children = (
				4B6F2D1125CD4173001A0549 /* Other */,
				4B6F2CEB25CC7AF4001A0549 /* HomeViewController.swift */,
				4B6F2D0425CD4112001A0549 /* ExploreViewController.swift */,
				4B6F2D0825CD4138001A0549 /* CameraViewController.swift */,
				4B6F2D0B25CD4152001A0549 /* NotificationsViewController.swift */,
				4B6F2D0E25CD4168001A0549 /* ProfileViewController.swift */,
			);
			path = "Core Tabs";
			sourceTree = "<group>";
		};
		4B6F2D1125CD4173001A0549 /* Other */ = {
			isa = PBXGroup;
			children = (
				4B85A2F925CD526B000EA227 /* General */,
				4B6F2D1225CD41BB001A0549 /* Onboarding */,
			);
			path = Other;
			sourceTree = "<group>";
		};
		4B6F2D1225CD41BB001A0549 /* Onboarding */ = {
			isa = PBXGroup;
			children = (
				4B85A2F525CD4D6B000EA227 /* RegistrationViewController.swift */,
				4B6F2D1325CD41C9001A0549 /* LoginViewController.swift */,
			);
			path = Onboarding;
			sourceTree = "<group>";
		};
		4B85A2F925CD526B000EA227 /* General */ = {
			isa = PBXGroup;
			children = (
				4B6F2D1D25CD4242001A0549 /* SettingsViewController.swift */,
				4B6F2D1725CD41EF001A0549 /* PostViewController.swift */,
				4B6F2D1A25CD4224001A0549 /* EditProfileViewController.swift */,
				4B6F2D2125CD4267001A0549 /* ListViewController.swift */,
				4B6F2D2425CD4286001A0549 /* SearchViewController.swift */,
				4B6F2D2725CD42A2001A0549 /* SearchResultViewController.swift */,
				4B6F2D2A25CD42DC001A0549 /* PostEditorViewController.swift */,
				4B6F2D2D25CD4300001A0549 /* PublishPostViewController.swift */,
			);
			path = General;
			sourceTree = "<group>";
		};
		4B85A33E25CD82FD000EA227 /* Managers */ = {
			isa = PBXGroup;
			children = (
				4B85A32125CD558E000EA227 /* DatabaseManager.swift */,
				4B85A32425CD7FE2000EA227 /* AuthManager.swift */,
				4B85A32725CD811C000EA227 /* StorageManager.swift */,
			);
			path = Managers;
			sourceTree = "<group>";
		};
		4B85A36825CD8EAA000EA227 /* Extensions */ = {
			isa = PBXGroup;
			children = (
				4B85A36925CD8EBD000EA227 /* UIView+Utils.swift */,
				4B85A48F25D1B802000EA227 /* String+Utils.swift */,
				4B85A4A925D41FB9000EA227 /* NSObject+Utils.swift */,
			);
			path = Extensions;
			sourceTree = "<group>";
		};
		CF1ED30A14F597EED663BA7E /* Frameworks */ = {
			isa = PBXGroup;
			children = (
				E98B511E8D5D02610CFE5E21 /* Pods_InstagramAppSample.framework */,
			);
			name = Frameworks;
			sourceTree = "<group>";
		};
		E42C6D0C08D32D4ECF3EA1FD /* Pods */ = {
			isa = PBXGroup;
			children = (
				625A55F886BABD9345349AF9 /* Pods-InstagramAppSample.debug.xcconfig */,
				DFC5BE5706A626E92D89BFA9 /* Pods-InstagramAppSample.release.xcconfig */,
			);
			path = Pods;
			sourceTree = "<group>";
		};
/* End PBXGroup section */

/* Begin PBXNativeTarget section */
		4B6F2CE325CC7AF4001A0549 /* InstagramAppSample */ = {
			isa = PBXNativeTarget;
			buildConfigurationList = 4B6F2CF825CC7AF6001A0549 /* Build configuration list for PBXNativeTarget "InstagramAppSample" */;
			buildPhases = (
				73D6C9015D371955D30764B6 /* [CP] Check Pods Manifest.lock */,
				4B6F2CE025CC7AF4001A0549 /* Sources */,
				4B6F2CE125CC7AF4001A0549 /* Frameworks */,
				4B6F2CE225CC7AF4001A0549 /* Resources */,
				29C782908627B65AB1B8537E /* [CP] Embed Pods Frameworks */,
			);
			buildRules = (
			);
			dependencies = (
			);
			name = InstagramAppSample;
			productName = InstagramAppSample;
			productReference = 4B6F2CE425CC7AF4001A0549 /* InstagramAppSample.app */;
			productType = "com.apple.product-type.application";
		};
/* End PBXNativeTarget section */

/* Begin PBXProject section */
		4B6F2CDC25CC7AF4001A0549 /* Project object */ = {
			isa = PBXProject;
			attributes = {
				LastSwiftUpdateCheck = 1240;
				LastUpgradeCheck = 1240;
				TargetAttributes = {
					4B6F2CE325CC7AF4001A0549 = {
						CreatedOnToolsVersion = 12.4;
					};
				};
			};
			buildConfigurationList = 4B6F2CDF25CC7AF4001A0549 /* Build configuration list for PBXProject "InstagramAppSample" */;
			compatibilityVersion = "Xcode 9.3";
			developmentRegion = en;
			hasScannedForEncodings = 0;
			knownRegions = (
				en,
				Base,
			);
			mainGroup = 4B6F2CDB25CC7AF4001A0549;
			productRefGroup = 4B6F2CE525CC7AF4001A0549 /* Products */;
			projectDirPath = "";
			projectRoot = "";
			targets = (
				4B6F2CE325CC7AF4001A0549 /* InstagramAppSample */,
			);
		};
/* End PBXProject section */

/* Begin PBXResourcesBuildPhase section */
		4B6F2CE225CC7AF4001A0549 /* Resources */ = {
			isa = PBXResourcesBuildPhase;
			buildActionMask = 2147483647;
			files = (
				4B6F2CF425CC7AF6001A0549 /* LaunchScreen.storyboard in Resources */,
				4B85A2F325CD4C59000EA227 /* GoogleService-Info.plist in Resources */,
				4B6F2CF125CC7AF6001A0549 /* Assets.xcassets in Resources */,
				4B6F2CEF25CC7AF4001A0549 /* Main.storyboard in Resources */,
			);
			runOnlyForDeploymentPostprocessing = 0;
		};
/* End PBXResourcesBuildPhase section */

/* Begin PBXShellScriptBuildPhase section */
		29C782908627B65AB1B8537E /* [CP] Embed Pods Frameworks */ = {
			isa = PBXShellScriptBuildPhase;
			buildActionMask = 2147483647;
			files = (
			);
			inputFileListPaths = (
				"${PODS_ROOT}/Target Support Files/Pods-InstagramAppSample/Pods-InstagramAppSample-frameworks-${CONFIGURATION}-input-files.xcfilelist",
			);
			name = "[CP] Embed Pods Frameworks";
			outputFileListPaths = (
				"${PODS_ROOT}/Target Support Files/Pods-InstagramAppSample/Pods-InstagramAppSample-frameworks-${CONFIGURATION}-output-files.xcfilelist",
			);
			runOnlyForDeploymentPostprocessing = 0;
			shellPath = /bin/sh;
			shellScript = "\"${PODS_ROOT}/Target Support Files/Pods-InstagramAppSample/Pods-InstagramAppSample-frameworks.sh\"\n";
			showEnvVarsInLog = 0;
		};
		73D6C9015D371955D30764B6 /* [CP] Check Pods Manifest.lock */ = {
			isa = PBXShellScriptBuildPhase;
			buildActionMask = 2147483647;
			files = (
			);
			inputFileListPaths = (
			);
			inputPaths = (
				"${PODS_PODFILE_DIR_PATH}/Podfile.lock",
				"${PODS_ROOT}/Manifest.lock",
			);
			name = "[CP] Check Pods Manifest.lock";
			outputFileListPaths = (
			);
			outputPaths = (
				"$(DERIVED_FILE_DIR)/Pods-InstagramAppSample-checkManifestLockResult.txt",
			);
			runOnlyForDeploymentPostprocessing = 0;
			shellPath = /bin/sh;
			shellScript = "diff \"${PODS_PODFILE_DIR_PATH}/Podfile.lock\" \"${PODS_ROOT}/Manifest.lock\" > /dev/null\nif [ $? != 0 ] ; then\n    # print error to STDERR\n    echo \"error: The sandbox is not in sync with the Podfile.lock. Run 'pod install' or update your CocoaPods installation.\" >&2\n    exit 1\nfi\n# This output is used by Xcode 'outputs' to avoid re-running this script phase.\necho \"SUCCESS\" > \"${SCRIPT_OUTPUT_FILE_0}\"\n";
			showEnvVarsInLog = 0;
		};
/* End PBXShellScriptBuildPhase section */

/* Begin PBXSourcesBuildPhase section */
		4B6F2CE025CC7AF4001A0549 /* Sources */ = {
			isa = PBXSourcesBuildPhase;
			buildActionMask = 2147483647;
			files = (
				4B6F2D1825CD41EF001A0549 /* PostViewController.swift in Sources */,
				4B85A49025D1B802000EA227 /* String+Utils.swift in Sources */,
				4B6F2D0525CD4112001A0549 /* ExploreViewController.swift in Sources */,
				4B85A4AA25D41FB9000EA227 /* NSObject+Utils.swift in Sources */,
				4B6F2D2225CD4267001A0549 /* ListViewController.swift in Sources */,
				4B6F2D1E25CD4242001A0549 /* SettingsViewController.swift in Sources */,
				4B6F2D0925CD4138001A0549 /* CameraViewController.swift in Sources */,
				4B6F2CEC25CC7AF4001A0549 /* HomeViewController.swift in Sources */,
				4B85A36E25CD91E6000EA227 /* TextConstants.swift in Sources */,
				4B6F2D2E25CD4300001A0549 /* PublishPostViewController.swift in Sources */,
				4B85A32825CD811C000EA227 /* StorageManager.swift in Sources */,
				4B6F2D0C25CD4152001A0549 /* NotificationsViewController.swift in Sources */,
				4B85A2F625CD4D6B000EA227 /* RegistrationViewController.swift in Sources */,
				4B6F2D1425CD41C9001A0549 /* LoginViewController.swift in Sources */,
				4B6F2D2825CD42A2001A0549 /* SearchResultViewController.swift in Sources */,
				4B6F2D2525CD4286001A0549 /* SearchViewController.swift in Sources */,
				4B85A32225CD558E000EA227 /* DatabaseManager.swift in Sources */,
				4B6F2D0F25CD4168001A0549 /* ProfileViewController.swift in Sources */,
				4B85A32525CD7FE2000EA227 /* AuthManager.swift in Sources */,
				4B85A36A25CD8EBD000EA227 /* UIView+Utils.swift in Sources */,
				4B85A4AD25D42076000EA227 /* SettingCellModel.swift in Sources */,
				4B6F2D2B25CD42DC001A0549 /* PostEditorViewController.swift in Sources */,
				4B6F2CE825CC7AF4001A0549 /* AppDelegate.swift in Sources */,
				4B6F2D1B25CD4224001A0549 /* EditProfileViewController.swift in Sources */,
				4B6F2CEA25CC7AF4001A0549 /* SceneDelegate.swift in Sources */,
			);
			runOnlyForDeploymentPostprocessing = 0;
		};
/* End PBXSourcesBuildPhase section */

/* Begin PBXVariantGroup section */
		4B6F2CED25CC7AF4001A0549 /* Main.storyboard */ = {
			isa = PBXVariantGroup;
			children = (
				4B6F2CEE25CC7AF4001A0549 /* Base */,
			);
			name = Main.storyboard;
			sourceTree = "<group>";
		};
		4B6F2CF225CC7AF6001A0549 /* LaunchScreen.storyboard */ = {
			isa = PBXVariantGroup;
			children = (
				4B6F2CF325CC7AF6001A0549 /* Base */,
			);
			name = LaunchScreen.storyboard;
			sourceTree = "<group>";
		};
/* End PBXVariantGroup section */

/* Begin XCBuildConfiguration section */
		4B6F2CF625CC7AF6001A0549 /* Debug */ = {
			isa = XCBuildConfiguration;
			buildSettings = {
				ALWAYS_SEARCH_USER_PATHS = NO;
				CLANG_ANALYZER_NONNULL = YES;
				CLANG_ANALYZER_NUMBER_OBJECT_CONVERSION = YES_AGGRESSIVE;
				CLANG_CXX_LANGUAGE_STANDARD = "gnu++14";
				CLANG_CXX_LIBRARY = "libc++";
				CLANG_ENABLE_MODULES = YES;
				CLANG_ENABLE_OBJC_ARC = YES;
				CLANG_ENABLE_OBJC_WEAK = YES;
				CLANG_WARN_BLOCK_CAPTURE_AUTORELEASING = YES;
				CLANG_WARN_BOOL_CONVERSION = YES;
				CLANG_WARN_COMMA = YES;
				CLANG_WARN_CONSTANT_CONVERSION = YES;
				CLANG_WARN_DEPRECATED_OBJC_IMPLEMENTATIONS = YES;
				CLANG_WARN_DIRECT_OBJC_ISA_USAGE = YES_ERROR;
				CLANG_WARN_DOCUMENTATION_COMMENTS = YES;
				CLANG_WARN_EMPTY_BODY = YES;
				CLANG_WARN_ENUM_CONVERSION = YES;
				CLANG_WARN_INFINITE_RECURSION = YES;
				CLANG_WARN_INT_CONVERSION = YES;
				CLANG_WARN_NON_LITERAL_NULL_CONVERSION = YES;
				CLANG_WARN_OBJC_IMPLICIT_RETAIN_SELF = YES;
				CLANG_WARN_OBJC_LITERAL_CONVERSION = YES;
				CLANG_WARN_OBJC_ROOT_CLASS = YES_ERROR;
				CLANG_WARN_QUOTED_INCLUDE_IN_FRAMEWORK_HEADER = YES;
				CLANG_WARN_RANGE_LOOP_ANALYSIS = YES;
				CLANG_WARN_STRICT_PROTOTYPES = YES;
				CLANG_WARN_SUSPICIOUS_MOVE = YES;
				CLANG_WARN_UNGUARDED_AVAILABILITY = YES_AGGRESSIVE;
				CLANG_WARN_UNREACHABLE_CODE = YES;
				CLANG_WARN__DUPLICATE_METHOD_MATCH = YES;
				COPY_PHASE_STRIP = NO;
				DEBUG_INFORMATION_FORMAT = dwarf;
				ENABLE_STRICT_OBJC_MSGSEND = YES;
				ENABLE_TESTABILITY = YES;
				GCC_C_LANGUAGE_STANDARD = gnu11;
				GCC_DYNAMIC_NO_PIC = NO;
				GCC_NO_COMMON_BLOCKS = YES;
				GCC_OPTIMIZATION_LEVEL = 0;
				GCC_PREPROCESSOR_DEFINITIONS = (
					"DEBUG=1",
					"$(inherited)",
				);
				GCC_WARN_64_TO_32_BIT_CONVERSION = YES;
				GCC_WARN_ABOUT_RETURN_TYPE = YES_ERROR;
				GCC_WARN_UNDECLARED_SELECTOR = YES;
				GCC_WARN_UNINITIALIZED_AUTOS = YES_AGGRESSIVE;
				GCC_WARN_UNUSED_FUNCTION = YES;
				GCC_WARN_UNUSED_VARIABLE = YES;
				IPHONEOS_DEPLOYMENT_TARGET = 14.4;
				MTL_ENABLE_DEBUG_INFO = INCLUDE_SOURCE;
				MTL_FAST_MATH = YES;
				ONLY_ACTIVE_ARCH = YES;
				SDKROOT = iphoneos;
				SWIFT_ACTIVE_COMPILATION_CONDITIONS = DEBUG;
				SWIFT_OPTIMIZATION_LEVEL = "-Onone";
			};
			name = Debug;
		};
		4B6F2CF725CC7AF6001A0549 /* Release */ = {
			isa = XCBuildConfiguration;
			buildSettings = {
				ALWAYS_SEARCH_USER_PATHS = NO;
				CLANG_ANALYZER_NONNULL = YES;
				CLANG_ANALYZER_NUMBER_OBJECT_CONVERSION = YES_AGGRESSIVE;
				CLANG_CXX_LANGUAGE_STANDARD = "gnu++14";
				CLANG_CXX_LIBRARY = "libc++";
				CLANG_ENABLE_MODULES = YES;
				CLANG_ENABLE_OBJC_ARC = YES;
				CLANG_ENABLE_OBJC_WEAK = YES;
				CLANG_WARN_BLOCK_CAPTURE_AUTORELEASING = YES;
				CLANG_WARN_BOOL_CONVERSION = YES;
				CLANG_WARN_COMMA = YES;
				CLANG_WARN_CONSTANT_CONVERSION = YES;
				CLANG_WARN_DEPRECATED_OBJC_IMPLEMENTATIONS = YES;
				CLANG_WARN_DIRECT_OBJC_ISA_USAGE = YES_ERROR;
				CLANG_WARN_DOCUMENTATION_COMMENTS = YES;
				CLANG_WARN_EMPTY_BODY = YES;
				CLANG_WARN_ENUM_CONVERSION = YES;
				CLANG_WARN_INFINITE_RECURSION = YES;
				CLANG_WARN_INT_CONVERSION = YES;
				CLANG_WARN_NON_LITERAL_NULL_CONVERSION = YES;
				CLANG_WARN_OBJC_IMPLICIT_RETAIN_SELF = YES;
				CLANG_WARN_OBJC_LITERAL_CONVERSION = YES;
				CLANG_WARN_OBJC_ROOT_CLASS = YES_ERROR;
				CLANG_WARN_QUOTED_INCLUDE_IN_FRAMEWORK_HEADER = YES;
				CLANG_WARN_RANGE_LOOP_ANALYSIS = YES;
				CLANG_WARN_STRICT_PROTOTYPES = YES;
				CLANG_WARN_SUSPICIOUS_MOVE = YES;
				CLANG_WARN_UNGUARDED_AVAILABILITY = YES_AGGRESSIVE;
				CLANG_WARN_UNREACHABLE_CODE = YES;
				CLANG_WARN__DUPLICATE_METHOD_MATCH = YES;
				COPY_PHASE_STRIP = NO;
				DEBUG_INFORMATION_FORMAT = "dwarf-with-dsym";
				ENABLE_NS_ASSERTIONS = NO;
				ENABLE_STRICT_OBJC_MSGSEND = YES;
				GCC_C_LANGUAGE_STANDARD = gnu11;
				GCC_NO_COMMON_BLOCKS = YES;
				GCC_WARN_64_TO_32_BIT_CONVERSION = YES;
				GCC_WARN_ABOUT_RETURN_TYPE = YES_ERROR;
				GCC_WARN_UNDECLARED_SELECTOR = YES;
				GCC_WARN_UNINITIALIZED_AUTOS = YES_AGGRESSIVE;
				GCC_WARN_UNUSED_FUNCTION = YES;
				GCC_WARN_UNUSED_VARIABLE = YES;
				IPHONEOS_DEPLOYMENT_TARGET = 14.4;
				MTL_ENABLE_DEBUG_INFO = NO;
				MTL_FAST_MATH = YES;
				SDKROOT = iphoneos;
				SWIFT_COMPILATION_MODE = wholemodule;
				SWIFT_OPTIMIZATION_LEVEL = "-O";
				VALIDATE_PRODUCT = YES;
			};
			name = Release;
		};
		4B6F2CF925CC7AF6001A0549 /* Debug */ = {
			isa = XCBuildConfiguration;
			baseConfigurationReference = 625A55F886BABD9345349AF9 /* Pods-InstagramAppSample.debug.xcconfig */;
			buildSettings = {
				ASSETCATALOG_COMPILER_APPICON_NAME = AppIcon;
				ASSETCATALOG_COMPILER_GLOBAL_ACCENT_COLOR_NAME = AccentColor;
				CODE_SIGN_STYLE = Automatic;
				DEVELOPMENT_TEAM = JWYC5RANS6;
				INFOPLIST_FILE = InstagramAppSample/Info.plist;
				IPHONEOS_DEPLOYMENT_TARGET = 13.0;
				LD_RUNPATH_SEARCH_PATHS = (
					"$(inherited)",
					"@executable_path/Frameworks",
				);
				PRODUCT_BUNDLE_IDENTIFIER = com.kuldarya.InstagramAppSample;
				PRODUCT_NAME = "$(TARGET_NAME)";
				SWIFT_VERSION = 5.0;
				TARGETED_DEVICE_FAMILY = "1,2";
			};
			name = Debug;
		};
		4B6F2CFA25CC7AF6001A0549 /* Release */ = {
			isa = XCBuildConfiguration;
			baseConfigurationReference = DFC5BE5706A626E92D89BFA9 /* Pods-InstagramAppSample.release.xcconfig */;
			buildSettings = {
				ASSETCATALOG_COMPILER_APPICON_NAME = AppIcon;
				ASSETCATALOG_COMPILER_GLOBAL_ACCENT_COLOR_NAME = AccentColor;
				CODE_SIGN_STYLE = Automatic;
				DEVELOPMENT_TEAM = JWYC5RANS6;
				INFOPLIST_FILE = InstagramAppSample/Info.plist;
				IPHONEOS_DEPLOYMENT_TARGET = 13.0;
				LD_RUNPATH_SEARCH_PATHS = (
					"$(inherited)",
					"@executable_path/Frameworks",
				);
				PRODUCT_BUNDLE_IDENTIFIER = com.kuldarya.InstagramAppSample;
				PRODUCT_NAME = "$(TARGET_NAME)";
				SWIFT_VERSION = 5.0;
				TARGETED_DEVICE_FAMILY = "1,2";
			};
			name = Release;
		};
/* End XCBuildConfiguration section */

/* Begin XCConfigurationList section */
		4B6F2CDF25CC7AF4001A0549 /* Build configuration list for PBXProject "InstagramAppSample" */ = {
			isa = XCConfigurationList;
			buildConfigurations = (
				4B6F2CF625CC7AF6001A0549 /* Debug */,
				4B6F2CF725CC7AF6001A0549 /* Release */,
			);
			defaultConfigurationIsVisible = 0;
			defaultConfigurationName = Release;
		};
		4B6F2CF825CC7AF6001A0549 /* Build configuration list for PBXNativeTarget "InstagramAppSample" */ = {
			isa = XCConfigurationList;
			buildConfigurations = (
				4B6F2CF925CC7AF6001A0549 /* Debug */,
				4B6F2CFA25CC7AF6001A0549 /* Release */,
			);
			defaultConfigurationIsVisible = 0;
			defaultConfigurationName = Release;
		};
/* End XCConfigurationList section */
	};
	rootObject = 4B6F2CDC25CC7AF4001A0549 /* Project object */;
}
